// !$*UTF8*$!
{
	archiveVersion = 1;
	classes = {
	};
	objectVersion = 56;
	objects = {

/* Begin PBXBuildFile section */
		CAE912C92B332B8900D02048 /* BBQuotesApp.swift in Sources */ = {isa = PBXBuildFile; fileRef = CAE912C82B332B8900D02048 /* BBQuotesApp.swift */; };
		CAE912CB2B332B8900D02048 /* ContentView.swift in Sources */ = {isa = PBXBuildFile; fileRef = CAE912CA2B332B8900D02048 /* ContentView.swift */; };
		CAE912CD2B332B8B00D02048 /* Assets.xcassets in Resources */ = {isa = PBXBuildFile; fileRef = CAE912CC2B332B8B00D02048 /* Assets.xcassets */; };
		CAE912D02B332B8B00D02048 /* Preview Assets.xcassets in Resources */ = {isa = PBXBuildFile; fileRef = CAE912CF2B332B8B00D02048 /* Preview Assets.xcassets */; };
		CAE912D72B332BFC00D02048 /* samplecharacter.json in Resources */ = {isa = PBXBuildFile; fileRef = CAE912D62B332BFC00D02048 /* samplecharacter.json */; };
		CAE912DB2B332EEC00D02048 /* Quote.swift in Sources */ = {isa = PBXBuildFile; fileRef = CAE912DA2B332EEC00D02048 /* Quote.swift */; };
		CAE912DD2B332F3F00D02048 /* Character.swift in Sources */ = {isa = PBXBuildFile; fileRef = CAE912DC2B332F3F00D02048 /* Character.swift */; };
		CAE912DF2B33314700D02048 /* FetchController.swift in Sources */ = {isa = PBXBuildFile; fileRef = CAE912DE2B33314700D02048 /* FetchController.swift */; };
/* End PBXBuildFile section */

/* Begin PBXFileReference section */
		CAE912C52B332B8900D02048 /* BBQuotes.app */ = {isa = PBXFileReference; explicitFileType = wrapper.application; includeInIndex = 0; path = BBQuotes.app; sourceTree = BUILT_PRODUCTS_DIR; };
		CAE912C82B332B8900D02048 /* BBQuotesApp.swift */ = {isa = PBXFileReference; lastKnownFileType = sourcecode.swift; path = BBQuotesApp.swift; sourceTree = "<group>"; };
		CAE912CA2B332B8900D02048 /* ContentView.swift */ = {isa = PBXFileReference; lastKnownFileType = sourcecode.swift; path = ContentView.swift; sourceTree = "<group>"; };
		CAE912CC2B332B8B00D02048 /* Assets.xcassets */ = {isa = PBXFileReference; lastKnownFileType = folder.assetcatalog; path = Assets.xcassets; sourceTree = "<group>"; };
		CAE912CF2B332B8B00D02048 /* Preview Assets.xcassets */ = {isa = PBXFileReference; lastKnownFileType = folder.assetcatalog; path = "Preview Assets.xcassets"; sourceTree = "<group>"; };
		CAE912D62B332BFC00D02048 /* samplecharacter.json */ = {isa = PBXFileReference; fileEncoding = 4; lastKnownFileType = text.json; path = samplecharacter.json; sourceTree = "<group>"; };
		CAE912DA2B332EEC00D02048 /* Quote.swift */ = {isa = PBXFileReference; lastKnownFileType = sourcecode.swift; path = Quote.swift; sourceTree = "<group>"; };
		CAE912DC2B332F3F00D02048 /* Character.swift */ = {isa = PBXFileReference; lastKnownFileType = sourcecode.swift; path = Character.swift; sourceTree = "<group>"; };
		CAE912DE2B33314700D02048 /* FetchController.swift */ = {isa = PBXFileReference; lastKnownFileType = sourcecode.swift; path = FetchController.swift; sourceTree = "<group>"; };
/* End PBXFileReference section */

/* Begin PBXFrameworksBuildPhase section */
		CAE912C22B332B8900D02048 /* Frameworks */ = {
			isa = PBXFrameworksBuildPhase;
			buildActionMask = 2147483647;
			files = (
			);
			runOnlyForDeploymentPostprocessing = 0;
		};
/* End PBXFrameworksBuildPhase section */

/* Begin PBXGroup section */
		CAE912BC2B332B8900D02048 = {
			isa = PBXGroup;
			children = (
				CAE912C72B332B8900D02048 /* BBQuotes */,
				CAE912C62B332B8900D02048 /* Products */,
			);
			sourceTree = "<group>";
		};
		CAE912C62B332B8900D02048 /* Products */ = {
			isa = PBXGroup;
			children = (
				CAE912C52B332B8900D02048 /* BBQuotes.app */,
			);
			name = Products;
			sourceTree = "<group>";
		};
		CAE912C72B332B8900D02048 /* BBQuotes */ = {
			isa = PBXGroup;
			children = (
				CAE912C82B332B8900D02048 /* BBQuotesApp.swift */,
				CAE912DE2B33314700D02048 /* FetchController.swift */,
				CAE912D82B332C3400D02048 /* Views */,
				CAE912D92B332EE300D02048 /* Models */,
				CAE912D62B332BFC00D02048 /* samplecharacter.json */,
				CAE912CC2B332B8B00D02048 /* Assets.xcassets */,
				CAE912CE2B332B8B00D02048 /* Preview Content */,
			);
			path = BBQuotes;
			sourceTree = "<group>";
		};
		CAE912CE2B332B8B00D02048 /* Preview Content */ = {
			isa = PBXGroup;
			children = (
				CAE912CF2B332B8B00D02048 /* Preview Assets.xcassets */,
			);
			path = "Preview Content";
			sourceTree = "<group>";
		};
		CAE912D82B332C3400D02048 /* Views */ = {
			isa = PBXGroup;
			children = (
				CAE912CA2B332B8900D02048 /* ContentView.swift */,
			);
			path = Views;
			sourceTree = "<group>";
		};
		CAE912D92B332EE300D02048 /* Models */ = {
			isa = PBXGroup;
			children = (
				CAE912DA2B332EEC00D02048 /* Quote.swift */,
				CAE912DC2B332F3F00D02048 /* Character.swift */,
			);
			path = Models;
			sourceTree = "<group>";
		};
/* End PBXGroup section */

/* Begin PBXNativeTarget section */
		CAE912C42B332B8900D02048 /* BBQuotes */ = {
			isa = PBXNativeTarget;
			buildConfigurationList = CAE912D32B332B8B00D02048 /* Build configuration list for PBXNativeTarget "BBQuotes" */;
			buildPhases = (
				CAE912C12B332B8900D02048 /* Sources */,
				CAE912C22B332B8900D02048 /* Frameworks */,
				CAE912C32B332B8900D02048 /* Resources */,
			);
			buildRules = (
			);
			dependencies = (
			);
			name = BBQuotes;
			productName = BBQuotes;
			productReference = CAE912C52B332B8900D02048 /* BBQuotes.app */;
			productType = "com.apple.product-type.application";
		};
/* End PBXNativeTarget section */

/* Begin PBXProject section */
		CAE912BD2B332B8900D02048 /* Project object */ = {
			isa = PBXProject;
			attributes = {
				BuildIndependentTargetsInParallel = 1;
				LastSwiftUpdateCheck = 1500;
				LastUpgradeCheck = 1500;
				TargetAttributes = {
					CAE912C42B332B8900D02048 = {
						CreatedOnToolsVersion = 15.0;
					};
				};
			};
			buildConfigurationList = CAE912C02B332B8900D02048 /* Build configuration list for PBXProject "BBQuotes" */;
			compatibilityVersion = "Xcode 14.0";
			developmentRegion = en;
			hasScannedForEncodings = 0;
			knownRegions = (
				en,
				Base,
			);
			mainGroup = CAE912BC2B332B8900D02048;
			productRefGroup = CAE912C62B332B8900D02048 /* Products */;
			projectDirPath = "";
			projectRoot = "";
			targets = (
				CAE912C42B332B8900D02048 /* BBQuotes */,
			);
		};
/* End PBXProject section */

/* Begin PBXResourcesBuildPhase section */
		CAE912C32B332B8900D02048 /* Resources */ = {
			isa = PBXResourcesBuildPhase;
			buildActionMask = 2147483647;
			files = (
				CAE912D02B332B8B00D02048 /* Preview Assets.xcassets in Resources */,
				CAE912D72B332BFC00D02048 /* samplecharacter.json in Resources */,
				CAE912CD2B332B8B00D02048 /* Assets.xcassets in Resources */,
			);
			runOnlyForDeploymentPostprocessing = 0;
		};
/* End PBXResourcesBuildPhase section */

/* Begin PBXSourcesBuildPhase section */
		CAE912C12B332B8900D02048 /* Sources */ = {
			isa = PBXSourcesBuildPhase;
			buildActionMask = 2147483647;
			files = (
				CAE912CB2B332B8900D02048 /* ContentView.swift in Sources */,
				CAE912DB2B332EEC00D02048 /* Quote.swift in Sources */,
				CAE912C92B332B8900D02048 /* BBQuotesApp.swift in Sources */,
				CAE912DF2B33314700D02048 /* FetchController.swift in Sources */,
				CAE912DD2B332F3F00D02048 /* Character.swift in Sources */,
			);
			runOnlyForDeploymentPostprocessing = 0;
		};
/* End PBXSourcesBuildPhase section */

/* Begin XCBuildConfiguration section */
		CAE912D12B332B8B00D02048 /* Debug */ = {
			isa = XCBuildConfiguration;
			buildSettings = {
				ALWAYS_SEARCH_USER_PATHS = NO;
				ASSETCATALOG_COMPILER_GENERATE_SWIFT_ASSET_SYMBOL_EXTENSIONS = YES;
				CLANG_ANALYZER_NONNULL = YES;
				CLANG_ANALYZER_NUMBER_OBJECT_CONVERSION = YES_AGGRESSIVE;
				CLANG_CXX_LANGUAGE_STANDARD = "gnu++20";
				CLANG_ENABLE_MODULES = YES;
				CLANG_ENABLE_OBJC_ARC = YES;
				CLANG_ENABLE_OBJC_WEAK = YES;
				CLANG_WARN_BLOCK_CAPTURE_AUTORELEASING = YES;
				CLANG_WARN_BOOL_CONVERSION = YES;
				CLANG_WARN_COMMA = YES;
				CLANG_WARN_CONSTANT_CONVERSION = YES;
				CLANG_WARN_DEPRECATED_OBJC_IMPLEMENTATIONS = YES;
				CLANG_WARN_DIRECT_OBJC_ISA_USAGE = YES_ERROR;
				CLANG_WARN_DOCUMENTATION_COMMENTS = YES;
				CLANG_WARN_EMPTY_BODY = YES;
				CLANG_WARN_ENUM_CONVERSION = YES;
				CLANG_WARN_INFINITE_RECURSION = YES;
				CLANG_WARN_INT_CONVERSION = YES;
				CLANG_WARN_NON_LITERAL_NULL_CONVERSION = YES;
				CLANG_WARN_OBJC_IMPLICIT_RETAIN_SELF = YES;
				CLANG_WARN_OBJC_LITERAL_CONVERSION = YES;
				CLANG_WARN_OBJC_ROOT_CLASS = YES_ERROR;
				CLANG_WARN_QUOTED_INCLUDE_IN_FRAMEWORK_HEADER = YES;
				CLANG_WARN_RANGE_LOOP_ANALYSIS = YES;
				CLANG_WARN_STRICT_PROTOTYPES = YES;
				CLANG_WARN_SUSPICIOUS_MOVE = YES;
				CLANG_WARN_UNGUARDED_AVAILABILITY = YES_AGGRESSIVE;
				CLANG_WARN_UNREACHABLE_CODE = YES;
				CLANG_WARN__DUPLICATE_METHOD_MATCH = YES;
				COPY_PHASE_STRIP = NO;
				DEBUG_INFORMATION_FORMAT = dwarf;
				ENABLE_STRICT_OBJC_MSGSEND = YES;
				ENABLE_TESTABILITY = YES;
				ENABLE_USER_SCRIPT_SANDBOXING = YES;
				GCC_C_LANGUAGE_STANDARD = gnu17;
				GCC_DYNAMIC_NO_PIC = NO;
				GCC_NO_COMMON_BLOCKS = YES;
				GCC_OPTIMIZATION_LEVEL = 0;
				GCC_PREPROCESSOR_DEFINITIONS = (
					"DEBUG=1",
					"$(inherited)",
				);
				GCC_WARN_64_TO_32_BIT_CONVERSION = YES;
				GCC_WARN_ABOUT_RETURN_TYPE = YES_ERROR;
				GCC_WARN_UNDECLARED_SELECTOR = YES;
				GCC_WARN_UNINITIALIZED_AUTOS = YES_AGGRESSIVE;
				GCC_WARN_UNUSED_FUNCTION = YES;
				GCC_WARN_UNUSED_VARIABLE = YES;
				IPHONEOS_DEPLOYMENT_TARGET = 17.0;
				LOCALIZATION_PREFERS_STRING_CATALOGS = YES;
				MTL_ENABLE_DEBUG_INFO = INCLUDE_SOURCE;
				MTL_FAST_MATH = YES;
				ONLY_ACTIVE_ARCH = YES;
				SDKROOT = iphoneos;
				SWIFT_ACTIVE_COMPILATION_CONDITIONS = "DEBUG $(inherited)";
				SWIFT_OPTIMIZATION_LEVEL = "-Onone";
			};
			name = Debug;
		};
		CAE912D22B332B8B00D02048 /* Release */ = {
			isa = XCBuildConfiguration;
			buildSettings = {
				ALWAYS_SEARCH_USER_PATHS = NO;
				ASSETCATALOG_COMPILER_GENERATE_SWIFT_ASSET_SYMBOL_EXTENSIONS = YES;
				CLANG_ANALYZER_NONNULL = YES;
				CLANG_ANALYZER_NUMBER_OBJECT_CONVERSION = YES_AGGRESSIVE;
				CLANG_CXX_LANGUAGE_STANDARD = "gnu++20";
				CLANG_ENABLE_MODULES = YES;
				CLANG_ENABLE_OBJC_ARC = YES;
				CLANG_ENABLE_OBJC_WEAK = YES;
				CLANG_WARN_BLOCK_CAPTURE_AUTORELEASING = YES;
				CLANG_WARN_BOOL_CONVERSION = YES;
				CLANG_WARN_COMMA = YES;
				CLANG_WARN_CONSTANT_CONVERSION = YES;
				CLANG_WARN_DEPRECATED_OBJC_IMPLEMENTATIONS = YES;
				CLANG_WARN_DIRECT_OBJC_ISA_USAGE = YES_ERROR;
				CLANG_WARN_DOCUMENTATION_COMMENTS = YES;
				CLANG_WARN_EMPTY_BODY = YES;
				CLANG_WARN_ENUM_CONVERSION = YES;
				CLANG_WARN_INFINITE_RECURSION = YES;
				CLANG_WARN_INT_CONVERSION = YES;
				CLANG_WARN_NON_LITERAL_NULL_CONVERSION = YES;
				CLANG_WARN_OBJC_IMPLICIT_RETAIN_SELF = YES;
				CLANG_WARN_OBJC_LITERAL_CONVERSION = YES;
				CLANG_WARN_OBJC_ROOT_CLASS = YES_ERROR;
				CLANG_WARN_QUOTED_INCLUDE_IN_FRAMEWORK_HEADER = YES;
				CLANG_WARN_RANGE_LOOP_ANALYSIS = YES;
				CLANG_WARN_STRICT_PROTOTYPES = YES;
				CLANG_WARN_SUSPICIOUS_MOVE = YES;
				CLANG_WARN_UNGUARDED_AVAILABILITY = YES_AGGRESSIVE;
				CLANG_WARN_UNREACHABLE_CODE = YES;
				CLANG_WARN__DUPLICATE_METHOD_MATCH = YES;
				COPY_PHASE_STRIP = NO;
				DEBUG_INFORMATION_FORMAT = "dwarf-with-dsym";
				ENABLE_NS_ASSERTIONS = NO;
				ENABLE_STRICT_OBJC_MSGSEND = YES;
				ENABLE_USER_SCRIPT_SANDBOXING = YES;
				GCC_C_LANGUAGE_STANDARD = gnu17;
				GCC_NO_COMMON_BLOCKS = YES;
				GCC_WARN_64_TO_32_BIT_CONVERSION = YES;
				GCC_WARN_ABOUT_RETURN_TYPE = YES_ERROR;
				GCC_WARN_UNDECLARED_SELECTOR = YES;
				GCC_WARN_UNINITIALIZED_AUTOS = YES_AGGRESSIVE;
				GCC_WARN_UNUSED_FUNCTION = YES;
				GCC_WARN_UNUSED_VARIABLE = YES;
				IPHONEOS_DEPLOYMENT_TARGET = 17.0;
				LOCALIZATION_PREFERS_STRING_CATALOGS = YES;
				MTL_ENABLE_DEBUG_INFO = NO;
				MTL_FAST_MATH = YES;
				SDKROOT = iphoneos;
				SWIFT_COMPILATION_MODE = wholemodule;
				VALIDATE_PRODUCT = YES;
			};
			name = Release;
		};
		CAE912D42B332B8B00D02048 /* Debug */ = {
			isa = XCBuildConfiguration;
			buildSettings = {
				ASSETCATALOG_COMPILER_APPICON_NAME = AppIcon;
				ASSETCATALOG_COMPILER_GLOBAL_ACCENT_COLOR_NAME = AccentColor;
				CODE_SIGN_STYLE = Automatic;
				CURRENT_PROJECT_VERSION = 1;
				DEVELOPMENT_ASSET_PATHS = "\"BBQuotes/Preview Content\"";
				DEVELOPMENT_TEAM = Q489L7H6Q5;
				ENABLE_PREVIEWS = YES;
				GENERATE_INFOPLIST_FILE = YES;
				INFOPLIST_KEY_UIApplicationSceneManifest_Generation = YES;
				INFOPLIST_KEY_UIApplicationSupportsIndirectInputEvents = YES;
				INFOPLIST_KEY_UILaunchScreen_Generation = YES;
				INFOPLIST_KEY_UISupportedInterfaceOrientations_iPad = "UIInterfaceOrientationPortrait UIInterfaceOrientationPortraitUpsideDown UIInterfaceOrientationLandscapeLeft UIInterfaceOrientationLandscapeRight";
				INFOPLIST_KEY_UISupportedInterfaceOrientations_iPhone = "UIInterfaceOrientationPortrait UIInterfaceOrientationLandscapeLeft UIInterfaceOrientationLandscapeRight";
				LD_RUNPATH_SEARCH_PATHS = (
					"$(inherited)",
					"@executable_path/Frameworks",
				);
				MARKETING_VERSION = 1.0;
				PRODUCT_BUNDLE_IDENTIFIER = com.jjpimentaoliveira.BBQuotes;
				PRODUCT_NAME = "$(TARGET_NAME)";
				SWIFT_EMIT_LOC_STRINGS = YES;
				SWIFT_VERSION = 5.0;
				TARGETED_DEVICE_FAMILY = "1,2";
			};
			name = Debug;
		};
		CAE912D52B332B8B00D02048 /* Release */ = {
			isa = XCBuildConfiguration;
			buildSettings = {
				ASSETCATALOG_COMPILER_APPICON_NAME = AppIcon;
				ASSETCATALOG_COMPILER_GLOBAL_ACCENT_COLOR_NAME = AccentColor;
				CODE_SIGN_STYLE = Automatic;
				CURRENT_PROJECT_VERSION = 1;
				DEVELOPMENT_ASSET_PATHS = "\"BBQuotes/Preview Content\"";
				DEVELOPMENT_TEAM = Q489L7H6Q5;
				ENABLE_PREVIEWS = YES;
				GENERATE_INFOPLIST_FILE = YES;
				INFOPLIST_KEY_UIApplicationSceneManifest_Generation = YES;
				INFOPLIST_KEY_UIApplicationSupportsIndirectInputEvents = YES;
				INFOPLIST_KEY_UILaunchScreen_Generation = YES;
				INFOPLIST_KEY_UISupportedInterfaceOrientations_iPad = "UIInterfaceOrientationPortrait UIInterfaceOrientationPortraitUpsideDown UIInterfaceOrientationLandscapeLeft UIInterfaceOrientationLandscapeRight";
				INFOPLIST_KEY_UISupportedInterfaceOrientations_iPhone = "UIInterfaceOrientationPortrait UIInterfaceOrientationLandscapeLeft UIInterfaceOrientationLandscapeRight";
				LD_RUNPATH_SEARCH_PATHS = (
					"$(inherited)",
					"@executable_path/Frameworks",
				);
				MARKETING_VERSION = 1.0;
				PRODUCT_BUNDLE_IDENTIFIER = com.jjpimentaoliveira.BBQuotes;
				PRODUCT_NAME = "$(TARGET_NAME)";
				SWIFT_EMIT_LOC_STRINGS = YES;
				SWIFT_VERSION = 5.0;
				TARGETED_DEVICE_FAMILY = "1,2";
			};
			name = Release;
		};
/* End XCBuildConfiguration section */

/* Begin XCConfigurationList section */
		CAE912C02B332B8900D02048 /* Build configuration list for PBXProject "BBQuotes" */ = {
			isa = XCConfigurationList;
			buildConfigurations = (
				CAE912D12B332B8B00D02048 /* Debug */,
				CAE912D22B332B8B00D02048 /* Release */,
			);
			defaultConfigurationIsVisible = 0;
			defaultConfigurationName = Release;
		};
		CAE912D32B332B8B00D02048 /* Build configuration list for PBXNativeTarget "BBQuotes" */ = {
			isa = XCConfigurationList;
			buildConfigurations = (
				CAE912D42B332B8B00D02048 /* Debug */,
				CAE912D52B332B8B00D02048 /* Release */,
			);
			defaultConfigurationIsVisible = 0;
			defaultConfigurationName = Release;
		};
/* End XCConfigurationList section */
	};
	rootObject = CAE912BD2B332B8900D02048 /* Project object */;
}
